// !$*UTF8*$!
{
	archiveVersion = 1;
	classes = {
	};
	objectVersion = 77;
	objects = {

/* Begin PBXGroup section */
		B469CB172F15ECAE00A8A035 = {
			isa = PBXGroup;
			children = (
			);
			sourceTree = "<group>";
		};
/* End PBXGroup section */

/* Begin PBXProject section */
		B469CB182F15ECAE00A8A035 /* Project object */ = {
			isa = PBXProject;
			attributes = {
				BuildIndependentTargetsInParallel = 1;
				LastUpgradeCheck = 1630;
			};
			buildConfigurationList = B469CB1B2F15ECAE00A8A035 /* Build configuration list for PBXProject "cangjie_runtime" */;
			developmentRegion = en;
			hasScannedForEncodings = 0;
			knownRegions = (
				en,
				Base,
			);
			mainGroup = B469CB172F15ECAE00A8A035;
			minimizedProjectReferenceProxies = 1;
			preferredProjectObjectVersion = 77;
			projectDirPath = "";
			projectRoot = "";
			targets = (
			);
		};
/* End PBXProject section */

/* Begin XCBuildConfiguration section */
		B469CB1C2F15ECAE00A8A035 /* Debug */ = {
			isa = XCBuildConfiguration;
			buildSettings = {
			};
			name = Debug;
		};
		B469CB1D2F15ECAE00A8A035 /* Release */ = {
			isa = XCBuildConfiguration;
			buildSettings = {
			};
			name = Release;
		};
/* End XCBuildConfiguration section */

/* Begin XCConfigurationList section */
		B469CB1B2F15ECAE00A8A035 /* Build configuration list for PBXProject "cangjie_runtime" */ = {
			isa = XCConfigurationList;
			buildConfigurations = (
				B469CB1C2F15ECAE00A8A035 /* Debug */,
				B469CB1D2F15ECAE00A8A035 /* Release */,
			);
			defaultConfigurationIsVisible = 0;
			defaultConfigurationName = Release;
		};
/* End XCConfigurationList section */
	};
	rootObject = B469CB182F15ECAE00A8A035 /* Project object */;
}
